
Microsoft Visual Studio Solution File, Format Version 12.00
# Visual Studio 15
VisualStudioVersion = 15.0.27428.2037
MinimumVisualStudioVersion = 10.0.40219.1
Project("{00D1A9C2-B5F0-4AF3-8072-F6C62B433612}") = "ContonsoUniversityData", "ContonsoUniversityData\ContonsoUniversityData.sqlproj", "{641BA1DD-D741-4FCA-9EF4-B2BE99400179}"
EndProject
Project("{FAE04EC0-301F-11D3-BF4B-00C04F79EFBC}") = "ContosoSite", "ContosoSite\ContosoSite.csproj", "{D4A7AA4D-A738-4F22-BC79-AB388FF91DB6}"
EndProject
Global
	GlobalSection(SolutionConfigurationPlatforms) = preSolution
		Debug|Any CPU = Debug|Any CPU
		Release|Any CPU = Release|Any CPU
	EndGlobalSection
	GlobalSection(ProjectConfigurationPlatforms) = postSolution
		{641BA1DD-D741-4FCA-9EF4-B2BE99400179}.Debug|Any CPU.ActiveCfg = Debug|Any CPU
		{641BA1DD-D741-4FCA-9EF4-B2BE99400179}.Debug|Any CPU.Build.0 = Debug|Any CPU
		{641BA1DD-D741-4FCA-9EF4-B2BE99400179}.Debug|Any CPU.Deploy.0 = Debug|Any CPU
		{641BA1DD-D741-4FCA-9EF4-B2BE99400179}.Release|Any CPU.ActiveCfg = Release|Any CPU
		{641BA1DD-D741-4FCA-9EF4-B2BE99400179}.Release|Any CPU.Build.0 = Release|Any CPU
		{641BA1DD-D741-4FCA-9EF4-B2BE99400179}.Release|Any CPU.Deploy.0 = Release|Any CPU
		{D4A7AA4D-A738-4F22-BC79-AB388FF91DB6}.Debug|Any CPU.ActiveCfg = Debug|Any CPU
		{D4A7AA4D-A738-4F22-BC79-AB388FF91DB6}.Debug|Any CPU.Build.0 = Debug|Any CPU
		{D4A7AA4D-A738-4F22-BC79-AB388FF91DB6}.Release|Any CPU.ActiveCfg = Release|Any CPU
		{D4A7AA4D-A738-4F22-BC79-AB388FF91DB6}.Release|Any CPU.Build.0 = Release|Any CPU
	EndGlobalSection
	GlobalSection(SolutionProperties) = preSolution
		HideSolutionNode = FALSE
	EndGlobalSection
	GlobalSection(ExtensibilityGlobals) = postSolution
		SolutionGuid = {CFF22754-02DE-46DF-A6C2-58AD784EDBDD}
	EndGlobalSection
EndGlobal
